PODS:
  - Alamofire (5.0.2)
  - Kingfisher (5.13.2):
    - Kingfisher/Core (= 5.13.2)
  - Kingfisher/Core (5.13.2)
  - PanModal (1.2.5)
  - SVProgressHUD (2.2.5)

DEPENDENCIES:
  - Alamofire (~> 5.0.0-rc.2)
  - Kingfisher (~> 5.0)
  - PanModal
  - SVProgressHUD

SPEC REPOS:
  trunk:
    - Alamofire
    - Kingfisher
    - PanModal
    - SVProgressHUD

SPEC CHECKSUMS:
  Alamofire: 3ba7a4db18b4f62c4a1c0e1cb39d7f3d52e10ada
  Kingfisher: d342c8354c10c3d85a27d6d4c42c41285924b898
  PanModal: 7c5af3ad4fe22b91508040965bebffb89fb607ae
  SVProgressHUD: 1428aafac632c1f86f62aa4243ec12008d7a51d6

PODFILE CHECKSUM: a3e0c4c484fcaf70f4d60e40b7ab434accbf33c2

COCOAPODS: 1.8.4
